
Microsoft Visual Studio Solution File, Format Version 12.00
# Visual Studio Version 16
VisualStudioVersion = 16.0.30804.86
MinimumVisualStudioVersion = 10.0.40219.1
Project("{FAE04EC0-301F-11D3-BF4B-00C04F79EFBC}") = "aws-sdk-for-net", "aws-sdk-for-net.csproj", "{49F4C654-F854-42F3-A451-7B9D2C391BEC}"
EndProject
Global
	GlobalSection(SolutionConfigurationPlatforms) = preSolution
		Debug|Any CPU = Debug|Any CPU
		Release|Any CPU = Release|Any CPU
	EndGlobalSection
	GlobalSection(ProjectConfigurationPlatforms) = postSolution
		{49F4C654-F854-42F3-A451-7B9D2C391BEC}.Debug|Any CPU.ActiveCfg = Debug|Any CPU
		{49F4C654-F854-42F3-A451-7B9D2C391BEC}.Debug|Any CPU.Build.0 = Debug|Any CPU
		{49F4C654-F854-42F3-A451-7B9D2C391BEC}.Release|Any CPU.ActiveCfg = Release|Any CPU
		{49F4C654-F854-42F3-A451-7B9D2C391BEC}.Release|Any CPU.Build.0 = Release|Any CPU
	EndGlobalSection
	GlobalSection(SolutionProperties) = preSolution
		HideSolutionNode = FALSE
	EndGlobalSection
	GlobalSection(ExtensibilityGlobals) = postSolution
		SolutionGuid = {84D31712-FA05-4EC8-A9EF-DAEACB98F04B}
	EndGlobalSection
EndGlobal
